
Microsoft Visual Studio Solution File, Format Version 12.00
# Visual Studio Version 16
VisualStudioVersion = 16.0.31829.152
MinimumVisualStudioVersion = 10.0.40219.1
Project("{FAE04EC0-301F-11D3-BF4B-00C04F79EFBC}") = "MatchGame", "MatchGame\MatchGame.csproj", "{49B17893-D2AD-4AFA-BB8F-30024F8779C1}"
EndProject
Global
	GlobalSection(SolutionConfigurationPlatforms) = preSolution
		Debug|Any CPU = Debug|Any CPU
		Release|Any CPU = Release|Any CPU
	EndGlobalSection
	GlobalSection(ProjectConfigurationPlatforms) = postSolution
		{49B17893-D2AD-4AFA-BB8F-30024F8779C1}.Debug|Any CPU.ActiveCfg = Debug|Any CPU
		{49B17893-D2AD-4AFA-BB8F-30024F8779C1}.Debug|Any CPU.Build.0 = Debug|Any CPU
		{49B17893-D2AD-4AFA-BB8F-30024F8779C1}.Release|Any CPU.ActiveCfg = Release|Any CPU
		{49B17893-D2AD-4AFA-BB8F-30024F8779C1}.Release|Any CPU.Build.0 = Release|Any CPU
	EndGlobalSection
	GlobalSection(SolutionProperties) = preSolution
		HideSolutionNode = FALSE
	EndGlobalSection
	GlobalSection(ExtensibilityGlobals) = postSolution
		SolutionGuid = {E7B27905-B250-40BE-9512-A21DB525B563}
	EndGlobalSection
EndGlobal
